
Microsoft Visual Studio Solution File, Format Version 12.00
# Visual Studio Version 16
VisualStudioVersion = 16.0.31829.152
MinimumVisualStudioVersion = 10.0.40219.1
Project("{888888A0-9F3D-457C-B088-3A5042F75D52}") = "FruitDetection", "FruitDetection\FruitDetection.pyproj", "{3BCF91D5-AFCA-4069-BAAE-2DA340763FFC}"
EndProject
Global
	GlobalSection(SolutionConfigurationPlatforms) = preSolution
		Debug|Any CPU = Debug|Any CPU
		Release|Any CPU = Release|Any CPU
	EndGlobalSection
	GlobalSection(ProjectConfigurationPlatforms) = postSolution
		{3BCF91D5-AFCA-4069-BAAE-2DA340763FFC}.Debug|Any CPU.ActiveCfg = Debug|Any CPU
		{3BCF91D5-AFCA-4069-BAAE-2DA340763FFC}.Release|Any CPU.ActiveCfg = Release|Any CPU
	EndGlobalSection
	GlobalSection(SolutionProperties) = preSolution
		HideSolutionNode = FALSE
	EndGlobalSection
	GlobalSection(ExtensibilityGlobals) = postSolution
		SolutionGuid = {E0164FD0-CB25-4B3A-B9F9-296DCE4F4205}
	EndGlobalSection
EndGlobal
